<Solution>
  <Project Path="DriveNow/DriveNow.csproj" Id="753d31c1-5f60-4ce9-91df-1e64a02f167a" />
  <Project Path="DriveNow.Tests/DriveNow.Tests.csproj" Id="b4c3d2e1-f0a9-4b8c-9d2e-3f4a5b6c7d8e" />
  <Project Path="VisualStudioTests/VisualStudioTests.csproj" Id="a1b2c3d4-e5f6-7890-abcd-ef1234567890" />
</Solution>
